{
  "name": "restaurant-finder",
  "version": "0.0.1",
  "lockfileVersion": 1,
  "requires": true,
  "dependencies": {
    "@jargon/alexa-skill-sdk": {
      "version": "1.3.0",
      "resolved": "https://registry.npmjs.org/@jargon/alexa-skill-sdk/-/alexa-skill-sdk-1.3.0.tgz",
      "integrity": "sha512-KthSkSK4ZL9rHnfmUVkX5NUOX0MwcPgF4WL9ot34Llu12damaBmWEaSUbqau8HuJL/Llf2AUqk0W2PF+zUSS0Q==",
      "requires": {
        "@jargon/sdk-core": "^1.3.0",
        "lodash": "^4.17.11"
      },
      "dependencies": {
        "lodash": {
          "version": "4.17.11",
          "resolved": "https://registry.npmjs.org/lodash/-/lodash-4.17.11.tgz",
          "integrity": "sha512-cQKh8igo5QUhZ7lg38DYWAxMvjSAKG0A8wGSVimP07SIUEK2UO+arSRKbRZWtelMtN5V0Hkwh5ryOto/SshYIg=="
        }
      }
    },
    "@jargon/sdk-core": {
      "version": "1.3.0",
      "resolved": "https://registry.npmjs.org/@jargon/sdk-core/-/sdk-core-1.3.0.tgz",
      "integrity": "sha512-7dv48CVpRePcMyNgiak/0aYRdtdA3ZnKb0pvMeLWZ8/4/SzqgOGXzztpon0xW8cwAego+T6pGz+cuH891v/PTg==",
      "requires": {
        "i18next": "^11.9.0",
        "i18next-icu": "^0.6.0",
        "i18next-sync-fs-backend": "^1.1.0",
        "intl-messageformat": "^2.2.0"
      }
    },
    "argparse": {
      "version": "1.0.10",
      "resolved": "https://registry.npmjs.org/argparse/-/argparse-1.0.10.tgz",
      "integrity": "sha512-o5Roy6tNG4SL/FOkCAN6RzjiakZS25RLYFrcMttJqbdd8BWrnA+fGz57iN5Pb06pvBGvl5gQ0B48dJlslXvoTg==",
      "requires": {
        "sprintf-js": "~1.0.2"
      }
    },
    "ask-sdk": {
      "version": "2.5.1",
      "resolved": "https://registry.npmjs.org/ask-sdk/-/ask-sdk-2.5.1.tgz",
      "integrity": "sha512-9M7+FGXcJfJR5cfnVm46fU+LRdzF6i41w74N5RdMHI/dfpepC0VdK8Uwt+c+V+CMgvt2sy0sGjOOAA8KE5a5YA==",
      "requires": {
        "ask-sdk-core": "^2.5.1",
        "ask-sdk-dynamodb-persistence-adapter": "^2.5.1",
        "ask-sdk-model": "^1.9.0"
      }
    },
    "ask-sdk-core": {
      "version": "2.5.1",
      "resolved": "https://registry.npmjs.org/ask-sdk-core/-/ask-sdk-core-2.5.1.tgz",
      "integrity": "sha512-VF2H98sF0VJ21y40dI78ozNGxP0ixwUQzslU5rcW2hRlv1QDqALIeFChpkE3MCxc3zxg9IbwdDkR3HT3mwkrLg==",
      "requires": {
        "ask-sdk-runtime": "^2.4.0"
      }
    },
    "ask-sdk-dynamodb-persistence-adapter": {
      "version": "2.5.1",
      "resolved": "https://registry.npmjs.org/ask-sdk-dynamodb-persistence-adapter/-/ask-sdk-dynamodb-persistence-adapter-2.5.1.tgz",
      "integrity": "sha512-tYfeTF48tL82knMR5FC7aOGXqGHicOQtOCjYg/WhJ6ZzamB2uga9kCWjsPx4bCXogrDt7S1AQ1lUGkZWeQjP/Q==",
      "requires": {
        "aws-sdk": "^2.163.0"
      },
      "dependencies": {
        "aws-sdk": {
          "version": "2.438.0",
          "resolved": "https://registry.npmjs.org/aws-sdk/-/aws-sdk-2.438.0.tgz",
          "integrity": "sha512-j+7zZYHekFFqoERSLDF1fDmC9awmZG2YJDoGuxBxwozi6Rg2GjyglwVehrNs3oC51UyrWhzWdn7jOVG6It5nmw==",
          "requires": {
            "buffer": "4.9.1",
            "events": "1.1.1",
            "ieee754": "1.1.8",
            "jmespath": "0.15.0",
            "querystring": "0.2.0",
            "sax": "1.2.1",
            "url": "0.10.3",
            "uuid": "3.3.2",
            "xml2js": "0.4.19"
          }
        },
        "sax": {
          "version": "1.2.1",
          "resolved": "https://registry.npmjs.org/sax/-/sax-1.2.1.tgz",
          "integrity": "sha1-e45lYZCyKOgaZq6nSEgNgozS03o="
        },
        "uuid": {
          "version": "3.3.2",
          "resolved": "https://registry.npmjs.org/uuid/-/uuid-3.3.2.tgz",
          "integrity": "sha512-yXJmeNaw3DnnKAOKJE51sL/ZaYfWJRl1pK9dr19YFCu0ObS231AB1/LbqTKRAQ5kw8A90rA6fr4riOUpTZvQZA=="
        },
        "xml2js": {
          "version": "0.4.19",
          "resolved": "https://registry.npmjs.org/xml2js/-/xml2js-0.4.19.tgz",
          "integrity": "sha512-esZnJZJOiJR9wWKMyuvSE1y6Dq5LCuJanqhxslH2bxM6duahNZ+HMpCLhBQGZkbX6xRf8x1Y2eJlgt2q3qo49Q==",
          "requires": {
            "sax": ">=0.6.0",
            "xmlbuilder": "~9.0.1"
          }
        },
        "xmlbuilder": {
          "version": "9.0.7",
          "resolved": "https://registry.npmjs.org/xmlbuilder/-/xmlbuilder-9.0.7.tgz",
          "integrity": "sha1-Ey7mPS7FVlxVfiD0wi35rKaGsQ0="
        }
      }
    },
    "ask-sdk-model": {
      "version": "1.15.0",
      "resolved": "https://registry.npmjs.org/ask-sdk-model/-/ask-sdk-model-1.15.0.tgz",
      "integrity": "sha512-cozc6byf6qOQ00/rnF2gAP+K2zbKJu11ezFWc4bR9f2s+eQW133Xp+kNjs1i7TweXrhAO/87HxkbA9a74udArw=="
    },
    "ask-sdk-runtime": {
      "version": "2.4.0",
      "resolved": "https://registry.npmjs.org/ask-sdk-runtime/-/ask-sdk-runtime-2.4.0.tgz",
      "integrity": "sha512-NiTXGeljx3wV9GIbwOvYc3EKPLTR1ZVoJBGNNyoAwg89v1L/hZgg5p3rJM0YJfIqw6HJUHJbtdJsRIHtkscxRA=="
    },
    "aws-sdk": {
      "version": "2.438.0",
      "resolved": "https://registry.npmjs.org/aws-sdk/-/aws-sdk-2.438.0.tgz",
      "integrity": "sha512-j+7zZYHekFFqoERSLDF1fDmC9awmZG2YJDoGuxBxwozi6Rg2GjyglwVehrNs3oC51UyrWhzWdn7jOVG6It5nmw==",
      "requires": {
        "buffer": "4.9.1",
        "events": "1.1.1",
        "ieee754": "1.1.8",
        "jmespath": "0.15.0",
        "querystring": "0.2.0",
        "sax": "1.2.1",
        "url": "0.10.3",
        "uuid": "3.3.2",
        "xml2js": "0.4.19"
      },
      "dependencies": {
        "uuid": {
          "version": "3.3.2",
          "resolved": "https://registry.npmjs.org/uuid/-/uuid-3.3.2.tgz",
          "integrity": "sha512-yXJmeNaw3DnnKAOKJE51sL/ZaYfWJRl1pK9dr19YFCu0ObS231AB1/LbqTKRAQ5kw8A90rA6fr4riOUpTZvQZA=="
        }
      }
    },
    "base64-js": {
      "version": "1.2.0",
      "resolved": "https://registry.npmjs.org/base64-js/-/base64-js-1.2.0.tgz",
      "integrity": "sha1-o5mS1yNYSBGYK+XikLtqU9hnAPE="
    },
    "buffer": {
      "version": "4.9.1",
      "resolved": "https://registry.npmjs.org/buffer/-/buffer-4.9.1.tgz",
      "integrity": "sha1-bRu2AbB6TvztlwlBMgkwJ8lbwpg=",
      "requires": {
        "base64-js": "^1.0.2",
        "ieee754": "^1.1.4",
        "isarray": "^1.0.0"
      }
    },
    "dashbot": {
      "version": "9.5.0",
      "resolved": "https://registry.npmjs.org/dashbot/-/dashbot-9.5.0.tgz",
      "integrity": "sha512-nNHaIG7xnk/9mC2GeIxIkGwAi6cswz1yWOFevnzA6ZAhdnamr1wMHnmOAUL10lB5zCH0zDyqQUe38Tg6s4nj3Q==",
      "requires": {
        "es6-promise": "4.1.0",
        "isomorphic-fetch": "2.2.1",
        "lodash": "4.12.0",
        "meld": "1.3.2",
        "redact-pii": "1.3.1",
        "traverse": "0.6.6",
        "uuid": "3.0.1"
      },
      "dependencies": {
        "lodash": {
          "version": "4.12.0",
          "resolved": "https://registry.npmjs.org/lodash/-/lodash-4.12.0.tgz",
          "integrity": "sha1-K9bcRqBA9Z5obJcu0h2T3FkFMlg="
        }
      }
    },
    "encoding": {
      "version": "0.1.12",
      "resolved": "https://registry.npmjs.org/encoding/-/encoding-0.1.12.tgz",
      "integrity": "sha1-U4tm8+5izRq1HsMjgp0flIDHS+s=",
      "requires": {
        "iconv-lite": "~0.4.13"
      }
    },
    "es6-promise": {
      "version": "4.1.0",
      "resolved": "https://registry.npmjs.org/es6-promise/-/es6-promise-4.1.0.tgz",
      "integrity": "sha1-3aA8qPn4m8WX5omEKSnee6jOvfA="
    },
    "events": {
      "version": "1.1.1",
      "resolved": "https://registry.npmjs.org/events/-/events-1.1.1.tgz",
      "integrity": "sha1-nr23Y1rQmccNzEwqH1AEKI6L2SQ="
    },
    "i18next": {
      "version": "11.10.2",
      "resolved": "https://registry.npmjs.org/i18next/-/i18next-11.10.2.tgz",
      "integrity": "sha512-1rowdX8PqrvsdFhYb3v0A/LlIHLQL1HTa4ia29IzhvNAg2fesNV7R1jXibWLmLQdz3FfTB8RuqSqDEjIawXruA=="
    },
    "i18next-icu": {
      "version": "0.6.0",
      "resolved": "https://registry.npmjs.org/i18next-icu/-/i18next-icu-0.6.0.tgz",
      "integrity": "sha512-8s/2FVdd0ZSNzrtXAStv3aMCnSr/2RttCKw03Uze3L2vLTRL6X5rgqSvCYi8hGdGeljCd3LG1SMkQ1iXejQpjg==",
      "requires": {
        "intl-messageformat": "2.2.0"
      }
    },
    "i18next-sync-fs-backend": {
      "version": "1.1.0",
      "resolved": "https://registry.npmjs.org/i18next-sync-fs-backend/-/i18next-sync-fs-backend-1.1.0.tgz",
      "integrity": "sha512-Lj2QE06GB77hNtkG60vJ5mRQWDKTIaCnVkQYfp9j9NHbvICpKlidtrR6fewVSWHQLxxfjFzNniI7vVB7b5LpUw==",
      "requires": {
        "js-yaml": "3.5.4",
        "json5": "0.5.0"
      },
      "dependencies": {
        "esprima": {
          "version": "2.7.3",
          "resolved": "https://registry.npmjs.org/esprima/-/esprima-2.7.3.tgz",
          "integrity": "sha1-luO3DVd59q1JzQMmc9HDEnZ7pYE="
        },
        "js-yaml": {
          "version": "3.5.4",
          "resolved": "https://registry.npmjs.org/js-yaml/-/js-yaml-3.5.4.tgz",
          "integrity": "sha1-9k8W3NeL65zoNhBo5zPr5HsHkXk=",
          "requires": {
            "argparse": "^1.0.2",
            "esprima": "^2.6.0"
          }
        }
      }
    },
    "iconv-lite": {
      "version": "0.4.21",
      "resolved": "https://registry.npmjs.org/iconv-lite/-/iconv-lite-0.4.21.tgz",
      "integrity": "sha512-En5V9za5mBt2oUA03WGD3TwDv0MKAruqsuxstbMUZaj9W9k/m1CV/9py3l0L5kw9Bln8fdHQmzHSYtvpvTLpKw==",
      "requires": {
        "safer-buffer": "^2.1.0"
      }
    },
    "ieee754": {
      "version": "1.1.8",
      "resolved": "https://registry.npmjs.org/ieee754/-/ieee754-1.1.8.tgz",
      "integrity": "sha1-vjPUCsEO8ZJnAfbwii2G+/0a0+Q="
    },
    "intl-messageformat": {
      "version": "2.2.0",
      "resolved": "https://registry.npmjs.org/intl-messageformat/-/intl-messageformat-2.2.0.tgz",
      "integrity": "sha1-NFvNRt5jC3aDMwwuUhd/9eq0hPw=",
      "requires": {
        "intl-messageformat-parser": "1.4.0"
      }
    },
    "intl-messageformat-parser": {
      "version": "1.4.0",
      "resolved": "https://registry.npmjs.org/intl-messageformat-parser/-/intl-messageformat-parser-1.4.0.tgz",
      "integrity": "sha1-tD1FqXRoytvkQzHXS7Ho3qRPwHU="
    },
    "is-stream": {
      "version": "1.1.0",
      "resolved": "https://registry.npmjs.org/is-stream/-/is-stream-1.1.0.tgz",
      "integrity": "sha1-EtSj3U5o4Lec6428hBc66A2RykQ="
    },
    "isarray": {
      "version": "1.0.0",
      "resolved": "https://registry.npmjs.org/isarray/-/isarray-1.0.0.tgz",
      "integrity": "sha1-u5NdSFgsuhaMBoNJV6VKPgcSTxE="
    },
    "isomorphic-fetch": {
      "version": "2.2.1",
      "resolved": "https://registry.npmjs.org/isomorphic-fetch/-/isomorphic-fetch-2.2.1.tgz",
      "integrity": "sha1-YRrhrPFPXoH3KVB0coGf6XM1WKk=",
      "requires": {
        "node-fetch": "^1.0.1",
        "whatwg-fetch": ">=0.10.0"
      }
    },
    "jmespath": {
      "version": "0.15.0",
      "resolved": "https://registry.npmjs.org/jmespath/-/jmespath-0.15.0.tgz",
      "integrity": "sha1-o/Iiqarp+Wb10nx5ZRDigJF2Qhc="
    },
    "json5": {
      "version": "0.5.0",
      "resolved": "https://registry.npmjs.org/json5/-/json5-0.5.0.tgz",
      "integrity": "sha1-myBxWwJsvjd4/Xae3M2CLYMypbI="
    },
    "meld": {
      "version": "1.3.2",
      "resolved": "https://registry.npmjs.org/meld/-/meld-1.3.2.tgz",
      "integrity": "sha1-jDI1+1ABuHlvh2iBjp5FY7DegGY="
    },
    "moment": {
      "version": "2.29.4",
      "resolved": "https://registry.npmjs.org/moment/-/moment-2.29.4.tgz",
      "integrity": "sha512-5LC9SOxjSc2HF6vO2CyuTDNivEdoz2IvyJJGj6X8DJ0eFyfszE0QiEd+iXmBvUP3WHxSjFH/vIsA0EN00cgr8w=="
    },
    "moment-timezone": {
      "version": "0.5.35",
      "resolved": "https://registry.npmjs.org/moment-timezone/-/moment-timezone-0.5.35.tgz",
      "integrity": "sha512-cY/pBOEXepQvlgli06ttCTKcIf8cD1nmNwOKQQAdHBqYApQSpAqotBMX0RJZNgMp6i0PlZuf1mFtnlyEkwyvFw==",
      "requires": {
        "moment": ">= 2.9.0"
      }
    },
    "node-fetch": {
      "version": "1.7.3",
      "resolved": "https://registry.npmjs.org/node-fetch/-/node-fetch-1.7.3.tgz",
      "integrity": "sha512-NhZ4CsKx7cYm2vSrBAr2PvFOe6sWDf0UYLRqA6svUYg7+/TSfVAu49jYC4BvQ4Sms9SZgdqGBgroqfDhJdTyKQ==",
      "requires": {
        "encoding": "^0.1.11",
        "is-stream": "^1.0.1"
      }
    },
    "punycode": {
      "version": "1.3.2",
      "resolved": "https://registry.npmjs.org/punycode/-/punycode-1.3.2.tgz",
      "integrity": "sha1-llOgNvt8HuQjQvIyXM7v6jkmxI0="
    },
    "querystring": {
      "version": "0.2.0",
      "resolved": "https://registry.npmjs.org/querystring/-/querystring-0.2.0.tgz",
      "integrity": "sha1-sgmEkgO7Jd+CDadW50cAWHhSFiA="
    },
    "redact-pii": {
      "version": "1.3.1",
      "resolved": "https://registry.npmjs.org/redact-pii/-/redact-pii-1.3.1.tgz",
      "integrity": "sha1-1x8kWskTEDRVxS2cSCKPIXx7xmA=",
      "requires": {
        "lodash": "^4.16.6"
      },
      "dependencies": {
        "lodash": {
          "version": "4.17.5",
          "resolved": "https://registry.npmjs.org/lodash/-/lodash-4.17.5.tgz",
          "integrity": "sha512-svL3uiZf1RwhH+cWrfZn3A4+U58wbP0tGVTLQPbjplZxZ8ROD9VLuNgsRniTlLe7OlSqR79RUehXgpBW/s0IQw=="
        }
      }
    },
    "safer-buffer": {
      "version": "2.1.0",
      "resolved": "https://registry.npmjs.org/safer-buffer/-/safer-buffer-2.1.0.tgz",
      "integrity": "sha512-HQhCIIl7TrF1aa7d352EXG+xumPERvoIWxOqq2CagDId0FVGtlG/fuQ7kZT+wZ7ytyGiP3pnYUVni5otBzOVmA=="
    },
    "sax": {
      "version": "1.2.1",
      "resolved": "https://registry.npmjs.org/sax/-/sax-1.2.1.tgz",
      "integrity": "sha1-e45lYZCyKOgaZq6nSEgNgozS03o="
    },
    "sprintf-js": {
      "version": "1.0.3",
      "resolved": "https://registry.npmjs.org/sprintf-js/-/sprintf-js-1.0.3.tgz",
      "integrity": "sha1-BOaSb2YolTVPPdAVIDYzuFcpfiw="
    },
    "ssml-check-core": {
      "version": "0.2.0",
      "resolved": "https://registry.npmjs.org/ssml-check-core/-/ssml-check-core-0.2.0.tgz",
      "integrity": "sha512-ymoF72PC7sOwM5+DLVWdxOWY10TeWXpRHRLlf4arUk4z19nDsa7dB7o52NI2tLhaTe1TgLC+J5ivg2AVSUrguw==",
      "requires": {
        "xml-js": "^1.6.11"
      }
    },
    "traverse": {
      "version": "0.6.6",
      "resolved": "https://registry.npmjs.org/traverse/-/traverse-0.6.6.tgz",
      "integrity": "sha1-y99WD9e5r2MlAv7UD5GMFX6pcTc="
    },
    "url": {
      "version": "0.10.3",
      "resolved": "https://registry.npmjs.org/url/-/url-0.10.3.tgz",
      "integrity": "sha1-Ah5NnHcF8hu/N9A861h2dAJ3TGQ=",
      "requires": {
        "punycode": "1.3.2",
        "querystring": "0.2.0"
      }
    },
    "uuid": {
      "version": "3.0.1",
      "resolved": "https://registry.npmjs.org/uuid/-/uuid-3.0.1.tgz",
      "integrity": "sha1-ZUS7ot/ajBzxfmKaOjBeK7H+5sE="
    },
    "whatwg-fetch": {
      "version": "2.0.4",
      "resolved": "https://registry.npmjs.org/whatwg-fetch/-/whatwg-fetch-2.0.4.tgz",
      "integrity": "sha512-dcQ1GWpOD/eEQ97k66aiEVpNnapVj90/+R+SXTPYGHpYBBypfKJEQjLrvMZ7YXbKm21gXd4NcuxUTjiv1YtLng=="
    },
    "xml-js": {
      "version": "1.6.11",
      "resolved": "https://registry.npmjs.org/xml-js/-/xml-js-1.6.11.tgz",
      "integrity": "sha512-7rVi2KMfwfWFl+GpPg6m80IVMWXLRjO+PxTq7V2CDhoGak0wzYzFgUY2m4XJ47OGdXd8eLE8EmwfAmdjw7lC1g==",
      "requires": {
        "sax": "^1.2.4"
      },
      "dependencies": {
        "sax": {
          "version": "1.2.4",
          "resolved": "https://registry.npmjs.org/sax/-/sax-1.2.4.tgz",
          "integrity": "sha512-NqVDv9TpANUjFm0N8uM5GxL36UgKi9/atZw+x7YFnQ8ckwFGKrl4xX4yWtrey3UJm5nP1kUbnYgLopqWNSRhWw=="
        }
      }
    },
    "xml2js": {
      "version": "0.4.19",
      "resolved": "https://registry.npmjs.org/xml2js/-/xml2js-0.4.19.tgz",
      "integrity": "sha512-esZnJZJOiJR9wWKMyuvSE1y6Dq5LCuJanqhxslH2bxM6duahNZ+HMpCLhBQGZkbX6xRf8x1Y2eJlgt2q3qo49Q==",
      "requires": {
        "sax": ">=0.6.0",
        "xmlbuilder": "~9.0.1"
      }
    },
    "xmlbuilder": {
      "version": "9.0.7",
      "resolved": "https://registry.npmjs.org/xmlbuilder/-/xmlbuilder-9.0.7.tgz",
      "integrity": "sha1-Ey7mPS7FVlxVfiD0wi35rKaGsQ0="
    }
  }
}
